
Microsoft Visual Studio Solution File, Format Version 12.00
# Visual Studio Version 16
VisualStudioVersion = 16.0.32510.428
MinimumVisualStudioVersion = 10.0.40219.1
Project("{8BC9CEB8-8B4A-11D0-8D11-00A0C91BC942}") = "23-24", "23-24\23-24.vcxproj", "{0C1BA8EA-9FDA-4E08-949C-2A7BB91435BD}"
EndProject
Global
	GlobalSection(SolutionConfigurationPlatforms) = preSolution
		Debug|x64 = Debug|x64
		Debug|x86 = Debug|x86
		Release|x64 = Release|x64
		Release|x86 = Release|x86
	EndGlobalSection
	GlobalSection(ProjectConfigurationPlatforms) = postSolution
		{0C1BA8EA-9FDA-4E08-949C-2A7BB91435BD}.Debug|x64.ActiveCfg = Debug|x64
		{0C1BA8EA-9FDA-4E08-949C-2A7BB91435BD}.Debug|x64.Build.0 = Debug|x64
		{0C1BA8EA-9FDA-4E08-949C-2A7BB91435BD}.Debug|x86.ActiveCfg = Debug|Win32
		{0C1BA8EA-9FDA-4E08-949C-2A7BB91435BD}.Debug|x86.Build.0 = Debug|Win32
		{0C1BA8EA-9FDA-4E08-949C-2A7BB91435BD}.Release|x64.ActiveCfg = Release|x64
		{0C1BA8EA-9FDA-4E08-949C-2A7BB91435BD}.Release|x64.Build.0 = Release|x64
		{0C1BA8EA-9FDA-4E08-949C-2A7BB91435BD}.Release|x86.ActiveCfg = Release|Win32
		{0C1BA8EA-9FDA-4E08-949C-2A7BB91435BD}.Release|x86.Build.0 = Release|Win32
	EndGlobalSection
	GlobalSection(SolutionProperties) = preSolution
		HideSolutionNode = FALSE
	EndGlobalSection
	GlobalSection(ExtensibilityGlobals) = postSolution
		SolutionGuid = {C27447FF-A688-47C7-93BF-5FE2424BE506}
	EndGlobalSection
EndGlobal
